
Microsoft Visual Studio Solution File, Format Version 12.00
# Visual Studio Version 17
VisualStudioVersion = 17.5.002.0
MinimumVisualStudioVersion = 10.0.40219.1
Project("{9A19103F-16F7-4668-BE54-9A1E7A4F7556}") = "TestAssign3", "TestAssign3.csproj", "{4066E72E-F190-4C56-8389-D9FBCC6DDAAA}"
EndProject
Global
	GlobalSection(SolutionConfigurationPlatforms) = preSolution
		Debug|Any CPU = Debug|Any CPU
		Release|Any CPU = Release|Any CPU
	EndGlobalSection
	GlobalSection(ProjectConfigurationPlatforms) = postSolution
		{4066E72E-F190-4C56-8389-D9FBCC6DDAAA}.Debug|Any CPU.ActiveCfg = Debug|Any CPU
		{4066E72E-F190-4C56-8389-D9FBCC6DDAAA}.Debug|Any CPU.Build.0 = Debug|Any CPU
		{4066E72E-F190-4C56-8389-D9FBCC6DDAAA}.Release|Any CPU.ActiveCfg = Release|Any CPU
		{4066E72E-F190-4C56-8389-D9FBCC6DDAAA}.Release|Any CPU.Build.0 = Release|Any CPU
	EndGlobalSection
	GlobalSection(SolutionProperties) = preSolution
		HideSolutionNode = FALSE
	EndGlobalSection
	GlobalSection(ExtensibilityGlobals) = postSolution
		SolutionGuid = {8BD65154-4AD4-4652-80A3-BB9CE312E9B0}
	EndGlobalSection
EndGlobal
